
Microsoft Visual Studio Solution File, Format Version 12.00
# Visual Studio Version 16
VisualStudioVersion = 16.0.30011.22
MinimumVisualStudioVersion = 10.0.40219.1
Project("{FAE04EC0-301F-11D3-BF4B-00C04F79EFBC}") = "1848Fin", "1848Fin\1848Fin.csproj", "{6A97E340-DF97-43E3-BB04-D7DD1E41D4DC}"
EndProject
Global
	GlobalSection(SolutionConfigurationPlatforms) = preSolution
		Debug|Any CPU = Debug|Any CPU
		Release|Any CPU = Release|Any CPU
	EndGlobalSection
	GlobalSection(ProjectConfigurationPlatforms) = postSolution
		{6A97E340-DF97-43E3-BB04-D7DD1E41D4DC}.Debug|Any CPU.ActiveCfg = Debug|Any CPU
		{6A97E340-DF97-43E3-BB04-D7DD1E41D4DC}.Debug|Any CPU.Build.0 = Debug|Any CPU
		{6A97E340-DF97-43E3-BB04-D7DD1E41D4DC}.Release|Any CPU.ActiveCfg = Release|Any CPU
		{6A97E340-DF97-43E3-BB04-D7DD1E41D4DC}.Release|Any CPU.Build.0 = Release|Any CPU
	EndGlobalSection
	GlobalSection(SolutionProperties) = preSolution
		HideSolutionNode = FALSE
	EndGlobalSection
	GlobalSection(ExtensibilityGlobals) = postSolution
		SolutionGuid = {3CC40826-8F30-4A5D-897E-3ED4E25DA9C8}
	EndGlobalSection
EndGlobal
